
Microsoft Visual Studio Solution File, Format Version 12.00
# Visual Studio Version 16
VisualStudioVersion = 16.0.30611.23
MinimumVisualStudioVersion = 10.0.40219.1
Project("{FAE04EC0-301F-11D3-BF4B-00C04F79EFBC}") = "CaesarCipher", "CaesarCipher\CaesarCipher.csproj", "{9CB0EC66-1D40-438D-8D62-DD3CABB7A2FB}"
EndProject
Global
	GlobalSection(SolutionConfigurationPlatforms) = preSolution
		Debug|Any CPU = Debug|Any CPU
		Release|Any CPU = Release|Any CPU
	EndGlobalSection
	GlobalSection(ProjectConfigurationPlatforms) = postSolution
		{9CB0EC66-1D40-438D-8D62-DD3CABB7A2FB}.Debug|Any CPU.ActiveCfg = Debug|Any CPU
		{9CB0EC66-1D40-438D-8D62-DD3CABB7A2FB}.Debug|Any CPU.Build.0 = Debug|Any CPU
		{9CB0EC66-1D40-438D-8D62-DD3CABB7A2FB}.Release|Any CPU.ActiveCfg = Release|Any CPU
		{9CB0EC66-1D40-438D-8D62-DD3CABB7A2FB}.Release|Any CPU.Build.0 = Release|Any CPU
	EndGlobalSection
	GlobalSection(SolutionProperties) = preSolution
		HideSolutionNode = FALSE
	EndGlobalSection
	GlobalSection(ExtensibilityGlobals) = postSolution
		SolutionGuid = {F395F26B-B5D9-41F4-A0DA-D82145D57562}
	EndGlobalSection
EndGlobal
