
Microsoft Visual Studio Solution File, Format Version 12.00
# Visual Studio Version 16
VisualStudioVersion = 16.0.30611.23
MinimumVisualStudioVersion = 10.0.40219.1
Project("{FAE04EC0-301F-11D3-BF4B-00C04F79EFBC}") = "SplitJoinChallenge", "SplitJoinChallenge\SplitJoinChallenge.csproj", "{8FD5B686-5DBC-4285-BEB5-610D1EA8E249}"
EndProject
Global
	GlobalSection(SolutionConfigurationPlatforms) = preSolution
		Debug|Any CPU = Debug|Any CPU
		Release|Any CPU = Release|Any CPU
	EndGlobalSection
	GlobalSection(ProjectConfigurationPlatforms) = postSolution
		{8FD5B686-5DBC-4285-BEB5-610D1EA8E249}.Debug|Any CPU.ActiveCfg = Debug|Any CPU
		{8FD5B686-5DBC-4285-BEB5-610D1EA8E249}.Debug|Any CPU.Build.0 = Debug|Any CPU
		{8FD5B686-5DBC-4285-BEB5-610D1EA8E249}.Release|Any CPU.ActiveCfg = Release|Any CPU
		{8FD5B686-5DBC-4285-BEB5-610D1EA8E249}.Release|Any CPU.Build.0 = Release|Any CPU
	EndGlobalSection
	GlobalSection(SolutionProperties) = preSolution
		HideSolutionNode = FALSE
	EndGlobalSection
	GlobalSection(ExtensibilityGlobals) = postSolution
		SolutionGuid = {3694207C-2EB9-4CE2-8694-C2AD52DF70CC}
	EndGlobalSection
EndGlobal
