
Microsoft Visual Studio Solution File, Format Version 12.00
# Visual Studio Version 16
VisualStudioVersion = 16.0.30611.23
MinimumVisualStudioVersion = 10.0.40219.1
Project("{FAE04EC0-301F-11D3-BF4B-00C04F79EFBC}") = "UnusualArrayTraversal", "UnusualArrayTraversal\UnusualArrayTraversal.csproj", "{5B62B33A-364E-4247-AF62-01B122DAD634}"
EndProject
Global
	GlobalSection(SolutionConfigurationPlatforms) = preSolution
		Debug|Any CPU = Debug|Any CPU
		Release|Any CPU = Release|Any CPU
	EndGlobalSection
	GlobalSection(ProjectConfigurationPlatforms) = postSolution
		{5B62B33A-364E-4247-AF62-01B122DAD634}.Debug|Any CPU.ActiveCfg = Debug|Any CPU
		{5B62B33A-364E-4247-AF62-01B122DAD634}.Debug|Any CPU.Build.0 = Debug|Any CPU
		{5B62B33A-364E-4247-AF62-01B122DAD634}.Release|Any CPU.ActiveCfg = Release|Any CPU
		{5B62B33A-364E-4247-AF62-01B122DAD634}.Release|Any CPU.Build.0 = Release|Any CPU
	EndGlobalSection
	GlobalSection(SolutionProperties) = preSolution
		HideSolutionNode = FALSE
	EndGlobalSection
	GlobalSection(ExtensibilityGlobals) = postSolution
		SolutionGuid = {2A34B357-5117-444E-AB15-5F06A766A673}
	EndGlobalSection
EndGlobal
