
Microsoft Visual Studio Solution File, Format Version 12.00
# Visual Studio Version 16
VisualStudioVersion = 16.0.30611.23
MinimumVisualStudioVersion = 10.0.40219.1
Project("{FAE04EC0-301F-11D3-BF4B-00C04F79EFBC}") = "ThreeCharactersReverse", "ThreeCharactersReverse\ThreeCharactersReverse.csproj", "{1ED16FDA-D63B-46C2-8169-CCED0A860C6B}"
EndProject
Global
	GlobalSection(SolutionConfigurationPlatforms) = preSolution
		Debug|Any CPU = Debug|Any CPU
		Release|Any CPU = Release|Any CPU
	EndGlobalSection
	GlobalSection(ProjectConfigurationPlatforms) = postSolution
		{1ED16FDA-D63B-46C2-8169-CCED0A860C6B}.Debug|Any CPU.ActiveCfg = Debug|Any CPU
		{1ED16FDA-D63B-46C2-8169-CCED0A860C6B}.Debug|Any CPU.Build.0 = Debug|Any CPU
		{1ED16FDA-D63B-46C2-8169-CCED0A860C6B}.Release|Any CPU.ActiveCfg = Release|Any CPU
		{1ED16FDA-D63B-46C2-8169-CCED0A860C6B}.Release|Any CPU.Build.0 = Release|Any CPU
	EndGlobalSection
	GlobalSection(SolutionProperties) = preSolution
		HideSolutionNode = FALSE
	EndGlobalSection
	GlobalSection(ExtensibilityGlobals) = postSolution
		SolutionGuid = {0CD19A53-CFB9-4E82-906D-6588B539E93E}
	EndGlobalSection
EndGlobal
