
Microsoft Visual Studio Solution File, Format Version 12.00
# Visual Studio Version 16
VisualStudioVersion = 16.0.30611.23
MinimumVisualStudioVersion = 10.0.40219.1
Project("{FAE04EC0-301F-11D3-BF4B-00C04F79EFBC}") = "PairingElementsFromMiddleToEnds", "PairingElementsFromMiddleToEnds\PairingElementsFromMiddleToEnds.csproj", "{7A5974A6-BA7F-4278-8744-5345CFE44D06}"
EndProject
Global
	GlobalSection(SolutionConfigurationPlatforms) = preSolution
		Debug|Any CPU = Debug|Any CPU
		Release|Any CPU = Release|Any CPU
	EndGlobalSection
	GlobalSection(ProjectConfigurationPlatforms) = postSolution
		{7A5974A6-BA7F-4278-8744-5345CFE44D06}.Debug|Any CPU.ActiveCfg = Debug|Any CPU
		{7A5974A6-BA7F-4278-8744-5345CFE44D06}.Debug|Any CPU.Build.0 = Debug|Any CPU
		{7A5974A6-BA7F-4278-8744-5345CFE44D06}.Release|Any CPU.ActiveCfg = Release|Any CPU
		{7A5974A6-BA7F-4278-8744-5345CFE44D06}.Release|Any CPU.Build.0 = Release|Any CPU
	EndGlobalSection
	GlobalSection(SolutionProperties) = preSolution
		HideSolutionNode = FALSE
	EndGlobalSection
	GlobalSection(ExtensibilityGlobals) = postSolution
		SolutionGuid = {D9A5B79D-7196-4A6D-98F4-2BCDB8531AC6}
	EndGlobalSection
EndGlobal
