
Microsoft Visual Studio Solution File, Format Version 12.00
# Visual Studio Version 16
VisualStudioVersion = 16.0.30611.23
MinimumVisualStudioVersion = 10.0.40219.1
Project("{FAE04EC0-301F-11D3-BF4B-00C04F79EFBC}") = "EncryptString", "EncryptString\EncryptString.csproj", "{386748C5-93F3-49D2-82A3-494B6C164FE0}"
EndProject
Global
	GlobalSection(SolutionConfigurationPlatforms) = preSolution
		Debug|Any CPU = Debug|Any CPU
		Release|Any CPU = Release|Any CPU
	EndGlobalSection
	GlobalSection(ProjectConfigurationPlatforms) = postSolution
		{386748C5-93F3-49D2-82A3-494B6C164FE0}.Debug|Any CPU.ActiveCfg = Debug|Any CPU
		{386748C5-93F3-49D2-82A3-494B6C164FE0}.Debug|Any CPU.Build.0 = Debug|Any CPU
		{386748C5-93F3-49D2-82A3-494B6C164FE0}.Release|Any CPU.ActiveCfg = Release|Any CPU
		{386748C5-93F3-49D2-82A3-494B6C164FE0}.Release|Any CPU.Build.0 = Release|Any CPU
	EndGlobalSection
	GlobalSection(SolutionProperties) = preSolution
		HideSolutionNode = FALSE
	EndGlobalSection
	GlobalSection(ExtensibilityGlobals) = postSolution
		SolutionGuid = {21A8348C-3E2B-4B3F-9D29-526A2CF9F219}
	EndGlobalSection
EndGlobal
