
Microsoft Visual Studio Solution File, Format Version 12.00
# Visual Studio Version 16
VisualStudioVersion = 16.0.30611.23
MinimumVisualStudioVersion = 10.0.40219.1
Project("{FAE04EC0-301F-11D3-BF4B-00C04F79EFBC}") = "IdentifyingConsecutivePairsOfCharactersInAString", "IdentifyingConsecutivePairsOfCharactersInAString\IdentifyingConsecutivePairsOfCharactersInAString.csproj", "{5470C25A-7419-4413-ADBA-E7469851DEE0}"
EndProject
Global
	GlobalSection(SolutionConfigurationPlatforms) = preSolution
		Debug|Any CPU = Debug|Any CPU
		Release|Any CPU = Release|Any CPU
	EndGlobalSection
	GlobalSection(ProjectConfigurationPlatforms) = postSolution
		{5470C25A-7419-4413-ADBA-E7469851DEE0}.Debug|Any CPU.ActiveCfg = Debug|Any CPU
		{5470C25A-7419-4413-ADBA-E7469851DEE0}.Debug|Any CPU.Build.0 = Debug|Any CPU
		{5470C25A-7419-4413-ADBA-E7469851DEE0}.Release|Any CPU.ActiveCfg = Release|Any CPU
		{5470C25A-7419-4413-ADBA-E7469851DEE0}.Release|Any CPU.Build.0 = Release|Any CPU
	EndGlobalSection
	GlobalSection(SolutionProperties) = preSolution
		HideSolutionNode = FALSE
	EndGlobalSection
	GlobalSection(ExtensibilityGlobals) = postSolution
		SolutionGuid = {01BC17DC-FC26-47BD-B75A-86984526921F}
	EndGlobalSection
EndGlobal
